// !$*UTF8*$!
{
	archiveVersion = 1;
	classes = {
	};
	objectVersion = 77;
	objects = {

/* Begin PBXBuildFile section */
		0D16611260CB9EDBE7A38281 /* HealthDataView.swift in Sources */ = {isa = PBXBuildFile; fileRef = EA1F30BE3523F66F79699862 /* HealthDataView.swift */; };
		0DCF4799CF3F2920BD2A31E4 /* CalendarDayFormatterTests.swift in Sources */ = {isa = PBXBuildFile; fileRef = 867F948486D0BE59811F5219 /* CalendarDayFormatterTests.swift */; };
		0E675BC931BE5905D9980671 /* LocalNotificationScheduler.swift in Sources */ = {isa = PBXBuildFile; fileRef = 78DD8FE950F7B643D2E37998 /* LocalNotificationScheduler.swift */; };
		145E3C602F2A800DB3F475EE /* SyncServiceTests.swift in Sources */ = {isa = PBXBuildFile; fileRef = 9CDCB7EEA245A7ECCA075654 /* SyncServiceTests.swift */; };
		153A66969FCBD643EE51D4D4 /* SettingsView.swift in Sources */ = {isa = PBXBuildFile; fileRef = 93B39CD5B7BB962D073392F1 /* SettingsView.swift */; };
		16167B727650A89975C1E13D /* SyncState.swift in Sources */ = {isa = PBXBuildFile; fileRef = 094DFCD7D1A07EA602A75BDA /* SyncState.swift */; };
		19A69A4BA9340469BEAEF5F0 /* HealthKitService.swift in Sources */ = {isa = PBXBuildFile; fileRef = 8B511AA729897F9B29183257 /* HealthKitService.swift */; };
		219CEF66A15379F32A2FEDC4 /* SyncStatusView.swift in Sources */ = {isa = PBXBuildFile; fileRef = 7AA630B3224FE300C4B6517F /* SyncStatusView.swift */; };
		24A721DCB9B867B1D88E4CAB /* CalendarDayFormatter.swift in Sources */ = {isa = PBXBuildFile; fileRef = CADEF46058EF9414AE941532 /* CalendarDayFormatter.swift */; };
		332490CC3EBB8352CCA6750B /* NextCloudServiceTests.swift in Sources */ = {isa = PBXBuildFile; fileRef = 3D664D9866E3C874D0140A2B /* NextCloudServiceTests.swift */; };
		33E0705156CA87C81583B01A /* Assets.xcassets in Resources */ = {isa = PBXBuildFile; fileRef = D242B2A9BD67C9562869AFF9 /* Assets.xcassets */; };
		3790307AFEDB6ABB0840500A /* HealthKitBackgroundObserverRegistrar.swift in Sources */ = {isa = PBXBuildFile; fileRef = 857E0DDEA6991A0BF066E1DE /* HealthKitBackgroundObserverRegistrar.swift */; };
		3AFF555325630B3C94B5655E /* BackgroundWebDAVSession.swift in Sources */ = {isa = PBXBuildFile; fileRef = 7647C2A3B86041979E8904EC /* BackgroundWebDAVSession.swift */; };
		3C33AA46066C81B2C6D7DEC7 /* SyncService.swift in Sources */ = {isa = PBXBuildFile; fileRef = ED6D23011F987B4AFB7CDACD /* SyncService.swift */; };
		3D4DA6ECF7DE7520825A8A01 /* SyncWebhookClient.swift in Sources */ = {isa = PBXBuildFile; fileRef = 359D17F6E04B59AB729F5FA2 /* SyncWebhookClient.swift */; };
		46CC6703D928F16E0EA0088B /* AppDelegate.swift in Sources */ = {isa = PBXBuildFile; fileRef = 323004A8B8E2062FD80AEE59 /* AppDelegate.swift */; };
		4AC001610803802C77880E9F /* AppConfiguration.swift in Sources */ = {isa = PBXBuildFile; fileRef = BE5A1E43C49183F6ACCBD92C /* AppConfiguration.swift */; };
		4DA32C545EB461146CB26B86 /* BackgroundSyncService.swift in Sources */ = {isa = PBXBuildFile; fileRef = D3378206379BD177341D9A15 /* BackgroundSyncService.swift */; };
		54A78926B4A8ACBAF54DC488 /* WorkoutData.swift in Sources */ = {isa = PBXBuildFile; fileRef = 54DBD474E25098FD00E72D00 /* WorkoutData.swift */; };
		64B203D1973CC9B72FC01545 /* HealthSyncApp.swift in Sources */ = {isa = PBXBuildFile; fileRef = D370141F468BA00615662572 /* HealthSyncApp.swift */; };
		6E69787001769C7F9A008B1E /* KeychainCredentialsStore.swift in Sources */ = {isa = PBXBuildFile; fileRef = 117366DCA5D49F45A98790FF /* KeychainCredentialsStore.swift */; };
		7A8B09ABE7738C7B14902878 /* DailyHealthKitDataProviding.swift in Sources */ = {isa = PBXBuildFile; fileRef = 8CF229219C8AC4145E24D694 /* DailyHealthKitDataProviding.swift */; };
		7F9CA8C2EA18BD1D5B5D2C64 /* HealthKit.framework in Frameworks */ = {isa = PBXBuildFile; fileRef = 27EE9A8EF06326D187CCDCA1 /* HealthKit.framework */; };
		9E0A45CA51D3AA3E6F19002C /* BackgroundSyncCoordinatorTests.swift in Sources */ = {isa = PBXBuildFile; fileRef = B7E107794DC51A78C085C537 /* BackgroundSyncCoordinatorTests.swift */; };
		B1E180946477E16B8C6EE73D /* DailyHealthData.swift in Sources */ = {isa = PBXBuildFile; fileRef = 57FABA0C5A2CDD79DFFDA3E7 /* DailyHealthData.swift */; };
		BEBBDDE75B25818212F15EB3 /* AppConfigurationTests.swift in Sources */ = {isa = PBXBuildFile; fileRef = 7D168D7B8E16235EDEF192DE /* AppConfigurationTests.swift */; };
		C8AEF35C25C4E1D8CCE72E20 /* MainView.swift in Sources */ = {isa = PBXBuildFile; fileRef = 8B50444D1E9453BC869D9FAF /* MainView.swift */; };
		E78E7BA17FB87769DB5E9E8D /* NextCloudService.swift in Sources */ = {isa = PBXBuildFile; fileRef = 202097FCB243CEBE3847B9E0 /* NextCloudService.swift */; };
		E7DEA0756868976D57F4A230 /* HealthKitServiceTests.swift in Sources */ = {isa = PBXBuildFile; fileRef = E078EE811031A7D5B14835FC /* HealthKitServiceTests.swift */; };
		ECB8BC8ECA0711B9B0EAC584 /* DailyMetricsSleepAggregator.swift in Sources */ = {isa = PBXBuildFile; fileRef = BE94F9BEEA3D985165E7F6CB /* DailyMetricsSleepAggregator.swift */; };
		F51A60C19EFF5A537D3BE525 /* DailyMetricsSleepAggregatorTests.swift in Sources */ = {isa = PBXBuildFile; fileRef = 0B8174C91466A0E8E270E4B1 /* DailyMetricsSleepAggregatorTests.swift */; };
/* End PBXBuildFile section */

/* Begin PBXContainerItemProxy section */
		D7F19F04B9DC311F118284C7 /* PBXContainerItemProxy */ = {
			isa = PBXContainerItemProxy;
			containerPortal = F4549D80C7EEB3189A9CF84C /* Project object */;
			proxyType = 1;
			remoteGlobalIDString = 892A921C4AE312FBC7AB053B;
			remoteInfo = HealthSync;
		};
/* End PBXContainerItemProxy section */

/* Begin PBXFileReference section */
		094DFCD7D1A07EA602A75BDA /* SyncState.swift */ = {isa = PBXFileReference; lastKnownFileType = sourcecode.swift; path = SyncState.swift; sourceTree = "<group>"; };
		0B8174C91466A0E8E270E4B1 /* DailyMetricsSleepAggregatorTests.swift */ = {isa = PBXFileReference; lastKnownFileType = sourcecode.swift; path = DailyMetricsSleepAggregatorTests.swift; sourceTree = "<group>"; };
		117366DCA5D49F45A98790FF /* KeychainCredentialsStore.swift */ = {isa = PBXFileReference; lastKnownFileType = sourcecode.swift; path = KeychainCredentialsStore.swift; sourceTree = "<group>"; };
		1D343810F4B4383E36DAE2F1 /* HealthSync.app */ = {isa = PBXFileReference; includeInIndex = 0; lastKnownFileType = wrapper.application; path = HealthSync.app; sourceTree = BUILT_PRODUCTS_DIR; };
		202097FCB243CEBE3847B9E0 /* NextCloudService.swift */ = {isa = PBXFileReference; lastKnownFileType = sourcecode.swift; path = NextCloudService.swift; sourceTree = "<group>"; };
		27EE9A8EF06326D187CCDCA1 /* HealthKit.framework */ = {isa = PBXFileReference; lastKnownFileType = wrapper.framework; name = HealthKit.framework; path = System/Library/Frameworks/HealthKit.framework; sourceTree = SDKROOT; };
		323004A8B8E2062FD80AEE59 /* AppDelegate.swift */ = {isa = PBXFileReference; lastKnownFileType = sourcecode.swift; path = AppDelegate.swift; sourceTree = "<group>"; };
		359D17F6E04B59AB729F5FA2 /* SyncWebhookClient.swift */ = {isa = PBXFileReference; lastKnownFileType = sourcecode.swift; path = SyncWebhookClient.swift; sourceTree = "<group>"; };
		3D664D9866E3C874D0140A2B /* NextCloudServiceTests.swift */ = {isa = PBXFileReference; lastKnownFileType = sourcecode.swift; path = NextCloudServiceTests.swift; sourceTree = "<group>"; };
		3E527C53771A23331E32D5AC /* Debug.xcconfig */ = {isa = PBXFileReference; lastKnownFileType = text.xcconfig; path = Debug.xcconfig; sourceTree = "<group>"; };
		54DBD474E25098FD00E72D00 /* WorkoutData.swift */ = {isa = PBXFileReference; lastKnownFileType = sourcecode.swift; path = WorkoutData.swift; sourceTree = "<group>"; };
		57FABA0C5A2CDD79DFFDA3E7 /* DailyHealthData.swift */ = {isa = PBXFileReference; lastKnownFileType = sourcecode.swift; path = DailyHealthData.swift; sourceTree = "<group>"; };
		7647C2A3B86041979E8904EC /* BackgroundWebDAVSession.swift */ = {isa = PBXFileReference; lastKnownFileType = sourcecode.swift; path = BackgroundWebDAVSession.swift; sourceTree = "<group>"; };
		78DD8FE950F7B643D2E37998 /* LocalNotificationScheduler.swift */ = {isa = PBXFileReference; lastKnownFileType = sourcecode.swift; path = LocalNotificationScheduler.swift; sourceTree = "<group>"; };
		7AA630B3224FE300C4B6517F /* SyncStatusView.swift */ = {isa = PBXFileReference; lastKnownFileType = sourcecode.swift; path = SyncStatusView.swift; sourceTree = "<group>"; };
		7D168D7B8E16235EDEF192DE /* AppConfigurationTests.swift */ = {isa = PBXFileReference; lastKnownFileType = sourcecode.swift; path = AppConfigurationTests.swift; sourceTree = "<group>"; };
		81985FF3F8B7DDC9DBE81470 /* Info.plist */ = {isa = PBXFileReference; lastKnownFileType = text.plist; path = Info.plist; sourceTree = "<group>"; };
		857E0DDEA6991A0BF066E1DE /* HealthKitBackgroundObserverRegistrar.swift */ = {isa = PBXFileReference; lastKnownFileType = sourcecode.swift; path = HealthKitBackgroundObserverRegistrar.swift; sourceTree = "<group>"; };
		867F948486D0BE59811F5219 /* CalendarDayFormatterTests.swift */ = {isa = PBXFileReference; lastKnownFileType = sourcecode.swift; path = CalendarDayFormatterTests.swift; sourceTree = "<group>"; };
		8B50444D1E9453BC869D9FAF /* MainView.swift */ = {isa = PBXFileReference; lastKnownFileType = sourcecode.swift; path = MainView.swift; sourceTree = "<group>"; };
		8B511AA729897F9B29183257 /* HealthKitService.swift */ = {isa = PBXFileReference; lastKnownFileType = sourcecode.swift; path = HealthKitService.swift; sourceTree = "<group>"; };
		8CF229219C8AC4145E24D694 /* DailyHealthKitDataProviding.swift */ = {isa = PBXFileReference; lastKnownFileType = sourcecode.swift; path = DailyHealthKitDataProviding.swift; sourceTree = "<group>"; };
		93B39CD5B7BB962D073392F1 /* SettingsView.swift */ = {isa = PBXFileReference; lastKnownFileType = sourcecode.swift; path = SettingsView.swift; sourceTree = "<group>"; };
		9CDCB7EEA245A7ECCA075654 /* SyncServiceTests.swift */ = {isa = PBXFileReference; lastKnownFileType = sourcecode.swift; path = SyncServiceTests.swift; sourceTree = "<group>"; };
		B7E107794DC51A78C085C537 /* BackgroundSyncCoordinatorTests.swift */ = {isa = PBXFileReference; lastKnownFileType = sourcecode.swift; path = BackgroundSyncCoordinatorTests.swift; sourceTree = "<group>"; };
		BE5A1E43C49183F6ACCBD92C /* AppConfiguration.swift */ = {isa = PBXFileReference; lastKnownFileType = sourcecode.swift; path = AppConfiguration.swift; sourceTree = "<group>"; };
		BE94F9BEEA3D985165E7F6CB /* DailyMetricsSleepAggregator.swift */ = {isa = PBXFileReference; lastKnownFileType = sourcecode.swift; path = DailyMetricsSleepAggregator.swift; sourceTree = "<group>"; };
		CADEF46058EF9414AE941532 /* CalendarDayFormatter.swift */ = {isa = PBXFileReference; lastKnownFileType = sourcecode.swift; path = CalendarDayFormatter.swift; sourceTree = "<group>"; };
		D242B2A9BD67C9562869AFF9 /* Assets.xcassets */ = {isa = PBXFileReference; lastKnownFileType = folder.assetcatalog; path = Assets.xcassets; sourceTree = "<group>"; };
		D3378206379BD177341D9A15 /* BackgroundSyncService.swift */ = {isa = PBXFileReference; lastKnownFileType = sourcecode.swift; path = BackgroundSyncService.swift; sourceTree = "<group>"; };
		D370141F468BA00615662572 /* HealthSyncApp.swift */ = {isa = PBXFileReference; lastKnownFileType = sourcecode.swift; path = HealthSyncApp.swift; sourceTree = "<group>"; };
		D92CE2F934402A2792EA2996 /* HealthSyncTests.xctest */ = {isa = PBXFileReference; includeInIndex = 0; lastKnownFileType = wrapper.cfbundle; path = HealthSyncTests.xctest; sourceTree = BUILT_PRODUCTS_DIR; };
		E078EE811031A7D5B14835FC /* HealthKitServiceTests.swift */ = {isa = PBXFileReference; lastKnownFileType = sourcecode.swift; path = HealthKitServiceTests.swift; sourceTree = "<group>"; };
		EA1F30BE3523F66F79699862 /* HealthDataView.swift */ = {isa = PBXFileReference; lastKnownFileType = sourcecode.swift; path = HealthDataView.swift; sourceTree = "<group>"; };
		ED6D23011F987B4AFB7CDACD /* SyncService.swift */ = {isa = PBXFileReference; lastKnownFileType = sourcecode.swift; path = SyncService.swift; sourceTree = "<group>"; };
		F040879BF50CADE1FE9031E9 /* Release.xcconfig */ = {isa = PBXFileReference; lastKnownFileType = text.xcconfig; path = Release.xcconfig; sourceTree = "<group>"; };
/* End PBXFileReference section */

/* Begin PBXFrameworksBuildPhase section */
		E4452009DBDFBC8610956900 /* Frameworks */ = {
			isa = PBXFrameworksBuildPhase;
			buildActionMask = 2147483647;
			files = (
				7F9CA8C2EA18BD1D5B5D2C64 /* HealthKit.framework in Frameworks */,
			);
			runOnlyForDeploymentPostprocessing = 0;
		};
/* End PBXFrameworksBuildPhase section */

/* Begin PBXGroup section */
		04FE962AFCDCE2EB2C2661AA /* Products */ = {
			isa = PBXGroup;
			children = (
				1D343810F4B4383E36DAE2F1 /* HealthSync.app */,
				D92CE2F934402A2792EA2996 /* HealthSyncTests.xctest */,
			);
			name = Products;
			sourceTree = "<group>";
		};
		1618E30B30C691EB111703F1 /* HealthSync */ = {
			isa = PBXGroup;
			children = (
				E80CD02E5E6AD0214174226C /* App */,
				F570993D8ED6DF6FF19DB290 /* Configuration */,
				372A84D72ECEB15019BC08B3 /* Models */,
				7A4D923A51045AB5165B6B10 /* Resources */,
				C89201485CA09B7DAAF6BA19 /* Services */,
				8404F49EDCF1C9F39660778D /* Utilities */,
				29CA5448C1EE2E1164C71F47 /* Views */,
			);
			path = HealthSync;
			sourceTree = "<group>";
		};
		21E9F08B3FE2E2019A2BA40A /* HealthSyncTests */ = {
			isa = PBXGroup;
			children = (
				7D168D7B8E16235EDEF192DE /* AppConfigurationTests.swift */,
				B7E107794DC51A78C085C537 /* BackgroundSyncCoordinatorTests.swift */,
				867F948486D0BE59811F5219 /* CalendarDayFormatterTests.swift */,
				0B8174C91466A0E8E270E4B1 /* DailyMetricsSleepAggregatorTests.swift */,
				E078EE811031A7D5B14835FC /* HealthKitServiceTests.swift */,
				3D664D9866E3C874D0140A2B /* NextCloudServiceTests.swift */,
				9CDCB7EEA245A7ECCA075654 /* SyncServiceTests.swift */,
			);
			path = HealthSyncTests;
			sourceTree = "<group>";
		};
		28FBFFD0D3C692B467C9E997 = {
			isa = PBXGroup;
			children = (
				F0B6FE205772ACFD89B3499D /* Config */,
				1618E30B30C691EB111703F1 /* HealthSync */,
				21E9F08B3FE2E2019A2BA40A /* HealthSyncTests */,
				FCC1EB1E438401B4D686DCCF /* Frameworks */,
				04FE962AFCDCE2EB2C2661AA /* Products */,
			);
			sourceTree = "<group>";
		};
		29CA5448C1EE2E1164C71F47 /* Views */ = {
			isa = PBXGroup;
			children = (
				EA1F30BE3523F66F79699862 /* HealthDataView.swift */,
				8B50444D1E9453BC869D9FAF /* MainView.swift */,
				93B39CD5B7BB962D073392F1 /* SettingsView.swift */,
				7AA630B3224FE300C4B6517F /* SyncStatusView.swift */,
			);
			path = Views;
			sourceTree = "<group>";
		};
		372A84D72ECEB15019BC08B3 /* Models */ = {
			isa = PBXGroup;
			children = (
				57FABA0C5A2CDD79DFFDA3E7 /* DailyHealthData.swift */,
				094DFCD7D1A07EA602A75BDA /* SyncState.swift */,
				54DBD474E25098FD00E72D00 /* WorkoutData.swift */,
			);
			path = Models;
			sourceTree = "<group>";
		};
		7A4D923A51045AB5165B6B10 /* Resources */ = {
			isa = PBXGroup;
			children = (
				D242B2A9BD67C9562869AFF9 /* Assets.xcassets */,
				81985FF3F8B7DDC9DBE81470 /* Info.plist */,
			);
			path = Resources;
			sourceTree = "<group>";
		};
		8404F49EDCF1C9F39660778D /* Utilities */ = {
			isa = PBXGroup;
			children = (
				CADEF46058EF9414AE941532 /* CalendarDayFormatter.swift */,
				BE94F9BEEA3D985165E7F6CB /* DailyMetricsSleepAggregator.swift */,
			);
			path = Utilities;
			sourceTree = "<group>";
		};
		C89201485CA09B7DAAF6BA19 /* Services */ = {
			isa = PBXGroup;
			children = (
				D3378206379BD177341D9A15 /* BackgroundSyncService.swift */,
				7647C2A3B86041979E8904EC /* BackgroundWebDAVSession.swift */,
				8CF229219C8AC4145E24D694 /* DailyHealthKitDataProviding.swift */,
				857E0DDEA6991A0BF066E1DE /* HealthKitBackgroundObserverRegistrar.swift */,
				8B511AA729897F9B29183257 /* HealthKitService.swift */,
				117366DCA5D49F45A98790FF /* KeychainCredentialsStore.swift */,
				78DD8FE950F7B643D2E37998 /* LocalNotificationScheduler.swift */,
				202097FCB243CEBE3847B9E0 /* NextCloudService.swift */,
				ED6D23011F987B4AFB7CDACD /* SyncService.swift */,
				359D17F6E04B59AB729F5FA2 /* SyncWebhookClient.swift */,
			);
			path = Services;
			sourceTree = "<group>";
		};
		E80CD02E5E6AD0214174226C /* App */ = {
			isa = PBXGroup;
			children = (
				323004A8B8E2062FD80AEE59 /* AppDelegate.swift */,
				D370141F468BA00615662572 /* HealthSyncApp.swift */,
			);
			path = App;
			sourceTree = "<group>";
		};
		F0B6FE205772ACFD89B3499D /* Config */ = {
			isa = PBXGroup;
			children = (
				3E527C53771A23331E32D5AC /* Debug.xcconfig */,
				F040879BF50CADE1FE9031E9 /* Release.xcconfig */,
			);
			path = Config;
			sourceTree = "<group>";
		};
		F570993D8ED6DF6FF19DB290 /* Configuration */ = {
			isa = PBXGroup;
			children = (
				BE5A1E43C49183F6ACCBD92C /* AppConfiguration.swift */,
			);
			path = Configuration;
			sourceTree = "<group>";
		};
		FCC1EB1E438401B4D686DCCF /* Frameworks */ = {
			isa = PBXGroup;
			children = (
				27EE9A8EF06326D187CCDCA1 /* HealthKit.framework */,
			);
			name = Frameworks;
			sourceTree = "<group>";
		};
/* End PBXGroup section */

/* Begin PBXNativeTarget section */
		892A921C4AE312FBC7AB053B /* HealthSync */ = {
			isa = PBXNativeTarget;
			buildConfigurationList = CD425CCA1BA42F6C69E6729D /* Build configuration list for PBXNativeTarget "HealthSync" */;
			buildPhases = (
				810254FFA098B3E2D484392A /* Sources */,
				9AB4843F388D5127C037E3D8 /* Resources */,
				E4452009DBDFBC8610956900 /* Frameworks */,
			);
			buildRules = (
			);
			dependencies = (
			);
			name = HealthSync;
			packageProductDependencies = (
			);
			productName = HealthSync;
			productReference = 1D343810F4B4383E36DAE2F1 /* HealthSync.app */;
			productType = "com.apple.product-type.application";
		};
		C1173EDFF164D1536C2E6B9F /* HealthSyncTests */ = {
			isa = PBXNativeTarget;
			buildConfigurationList = F42DB56C5696F224FEA62834 /* Build configuration list for PBXNativeTarget "HealthSyncTests" */;
			buildPhases = (
				58E5BE51E7D5505FF1586510 /* Sources */,
			);
			buildRules = (
			);
			dependencies = (
				F5CFB6056745426D664D3D23 /* PBXTargetDependency */,
			);
			name = HealthSyncTests;
			packageProductDependencies = (
			);
			productName = HealthSyncTests;
			productReference = D92CE2F934402A2792EA2996 /* HealthSyncTests.xctest */;
			productType = "com.apple.product-type.bundle.unit-test";
		};
/* End PBXNativeTarget section */

/* Begin PBXProject section */
		F4549D80C7EEB3189A9CF84C /* Project object */ = {
			isa = PBXProject;
			attributes = {
				BuildIndependentTargetsInParallel = YES;
				LastUpgradeCheck = 1430;
				TargetAttributes = {
					892A921C4AE312FBC7AB053B = {
						DevelopmentTeam = "";
					};
					C1173EDFF164D1536C2E6B9F = {
						DevelopmentTeam = "";
					};
				};
			};
			buildConfigurationList = 57BE2FE37BCFCC442737DB1B /* Build configuration list for PBXProject "HealthSync" */;
			compatibilityVersion = "Xcode 14.0";
			developmentRegion = en;
			hasScannedForEncodings = 0;
			knownRegions = (
				Base,
				en,
			);
			mainGroup = 28FBFFD0D3C692B467C9E997;
			minimizedProjectReferenceProxies = 1;
			preferredProjectObjectVersion = 77;
			projectDirPath = "";
			projectRoot = "";
			targets = (
				892A921C4AE312FBC7AB053B /* HealthSync */,
				C1173EDFF164D1536C2E6B9F /* HealthSyncTests */,
			);
		};
/* End PBXProject section */

/* Begin PBXResourcesBuildPhase section */
		9AB4843F388D5127C037E3D8 /* Resources */ = {
			isa = PBXResourcesBuildPhase;
			buildActionMask = 2147483647;
			files = (
				33E0705156CA87C81583B01A /* Assets.xcassets in Resources */,
			);
			runOnlyForDeploymentPostprocessing = 0;
		};
/* End PBXResourcesBuildPhase section */

/* Begin PBXSourcesBuildPhase section */
		58E5BE51E7D5505FF1586510 /* Sources */ = {
			isa = PBXSourcesBuildPhase;
			buildActionMask = 2147483647;
			files = (
				BEBBDDE75B25818212F15EB3 /* AppConfigurationTests.swift in Sources */,
				9E0A45CA51D3AA3E6F19002C /* BackgroundSyncCoordinatorTests.swift in Sources */,
				0DCF4799CF3F2920BD2A31E4 /* CalendarDayFormatterTests.swift in Sources */,
				F51A60C19EFF5A537D3BE525 /* DailyMetricsSleepAggregatorTests.swift in Sources */,
				E7DEA0756868976D57F4A230 /* HealthKitServiceTests.swift in Sources */,
				332490CC3EBB8352CCA6750B /* NextCloudServiceTests.swift in Sources */,
				145E3C602F2A800DB3F475EE /* SyncServiceTests.swift in Sources */,
			);
			runOnlyForDeploymentPostprocessing = 0;
		};
		810254FFA098B3E2D484392A /* Sources */ = {
			isa = PBXSourcesBuildPhase;
			buildActionMask = 2147483647;
			files = (
				4AC001610803802C77880E9F /* AppConfiguration.swift in Sources */,
				46CC6703D928F16E0EA0088B /* AppDelegate.swift in Sources */,
				4DA32C545EB461146CB26B86 /* BackgroundSyncService.swift in Sources */,
				3AFF555325630B3C94B5655E /* BackgroundWebDAVSession.swift in Sources */,
				24A721DCB9B867B1D88E4CAB /* CalendarDayFormatter.swift in Sources */,
				B1E180946477E16B8C6EE73D /* DailyHealthData.swift in Sources */,
				7A8B09ABE7738C7B14902878 /* DailyHealthKitDataProviding.swift in Sources */,
				ECB8BC8ECA0711B9B0EAC584 /* DailyMetricsSleepAggregator.swift in Sources */,
				0D16611260CB9EDBE7A38281 /* HealthDataView.swift in Sources */,
				3790307AFEDB6ABB0840500A /* HealthKitBackgroundObserverRegistrar.swift in Sources */,
				19A69A4BA9340469BEAEF5F0 /* HealthKitService.swift in Sources */,
				64B203D1973CC9B72FC01545 /* HealthSyncApp.swift in Sources */,
				6E69787001769C7F9A008B1E /* KeychainCredentialsStore.swift in Sources */,
				0E675BC931BE5905D9980671 /* LocalNotificationScheduler.swift in Sources */,
				C8AEF35C25C4E1D8CCE72E20 /* MainView.swift in Sources */,
				E78E7BA17FB87769DB5E9E8D /* NextCloudService.swift in Sources */,
				153A66969FCBD643EE51D4D4 /* SettingsView.swift in Sources */,
				3C33AA46066C81B2C6D7DEC7 /* SyncService.swift in Sources */,
				16167B727650A89975C1E13D /* SyncState.swift in Sources */,
				219CEF66A15379F32A2FEDC4 /* SyncStatusView.swift in Sources */,
				3D4DA6ECF7DE7520825A8A01 /* SyncWebhookClient.swift in Sources */,
				54A78926B4A8ACBAF54DC488 /* WorkoutData.swift in Sources */,
			);
			runOnlyForDeploymentPostprocessing = 0;
		};
/* End PBXSourcesBuildPhase section */

/* Begin PBXTargetDependency section */
		F5CFB6056745426D664D3D23 /* PBXTargetDependency */ = {
			isa = PBXTargetDependency;
			target = 892A921C4AE312FBC7AB053B /* HealthSync */;
			targetProxy = D7F19F04B9DC311F118284C7 /* PBXContainerItemProxy */;
		};
/* End PBXTargetDependency section */

/* Begin XCBuildConfiguration section */
		5E7BEC9CDF6A3187C96D8D09 /* Release */ = {
			isa = XCBuildConfiguration;
			buildSettings = {
				ASSETCATALOG_COMPILER_APPICON_NAME = AppIcon;
				CODE_SIGN_ENTITLEMENTS = HealthSync.entitlements;
				CODE_SIGN_IDENTITY = "iPhone Developer";
				INFOPLIST_FILE = HealthSync/Resources/Info.plist;
				INFOPLIST_KEY_CFBundleDisplayName = HealthSync;
				INFOPLIST_KEY_LSApplicationCategoryType = "public.app-category.healthcare-fitness";
				LD_RUNPATH_SEARCH_PATHS = (
					"$(inherited)",
					"@executable_path/Frameworks",
				);
				PRODUCT_BUNDLE_IDENTIFIER = com.example.HealthSync;
				SDKROOT = iphoneos;
				TARGETED_DEVICE_FAMILY = 1;
			};
			name = Release;
		};
		6756B9C7030618D0363F6278 /* Release */ = {
			isa = XCBuildConfiguration;
			buildSettings = {
				BUNDLE_LOADER = "$(TEST_HOST)";
				GENERATE_INFOPLIST_FILE = YES;
				LD_RUNPATH_SEARCH_PATHS = (
					"$(inherited)",
					"@executable_path/Frameworks",
					"@loader_path/Frameworks",
				);
				PRODUCT_BUNDLE_IDENTIFIER = com.example.HealthSyncTests;
				SDKROOT = iphoneos;
				TARGETED_DEVICE_FAMILY = "1,2";
				TEST_HOST = "$(BUILT_PRODUCTS_DIR)/HealthSync.app/HealthSync";
			};
			name = Release;
		};
		74A84F99F88A12F2F91CC76B /* Debug */ = {
			isa = XCBuildConfiguration;
			baseConfigurationReference = 3E527C53771A23331E32D5AC /* Debug.xcconfig */;
			buildSettings = {
				ALWAYS_SEARCH_USER_PATHS = NO;
				CLANG_ANALYZER_NONNULL = YES;
				CLANG_ANALYZER_NUMBER_OBJECT_CONVERSION = YES_AGGRESSIVE;
				CLANG_CXX_LANGUAGE_STANDARD = "gnu++14";
				CLANG_CXX_LIBRARY = "libc++";
				CLANG_ENABLE_MODULES = YES;
				CLANG_ENABLE_OBJC_ARC = YES;
				CLANG_ENABLE_OBJC_WEAK = YES;
				CLANG_WARN_BLOCK_CAPTURE_AUTORELEASING = YES;
				CLANG_WARN_BOOL_CONVERSION = YES;
				CLANG_WARN_COMMA = YES;
				CLANG_WARN_CONSTANT_CONVERSION = YES;
				CLANG_WARN_DEPRECATED_OBJC_IMPLEMENTATIONS = YES;
				CLANG_WARN_DIRECT_OBJC_ISA_USAGE = YES_ERROR;
				CLANG_WARN_DOCUMENTATION_COMMENTS = YES;
				CLANG_WARN_EMPTY_BODY = YES;
				CLANG_WARN_ENUM_CONVERSION = YES;
				CLANG_WARN_INFINITE_RECURSION = YES;
				CLANG_WARN_INT_CONVERSION = YES;
				CLANG_WARN_NON_LITERAL_NULL_CONVERSION = YES;
				CLANG_WARN_OBJC_IMPLICIT_RETAIN_SELF = YES;
				CLANG_WARN_OBJC_LITERAL_CONVERSION = YES;
				CLANG_WARN_OBJC_ROOT_CLASS = YES_ERROR;
				CLANG_WARN_QUOTED_INCLUDE_IN_FRAMEWORK_HEADER = YES;
				CLANG_WARN_RANGE_LOOP_ANALYSIS = YES;
				CLANG_WARN_STRICT_PROTOTYPES = YES;
				CLANG_WARN_SUSPICIOUS_MOVE = YES;
				CLANG_WARN_UNGUARDED_AVAILABILITY = YES_AGGRESSIVE;
				CLANG_WARN_UNREACHABLE_CODE = YES;
				CLANG_WARN__DUPLICATE_METHOD_MATCH = YES;
				COPY_PHASE_STRIP = NO;
				CURRENT_PROJECT_VERSION = 1;
				DEBUG_INFORMATION_FORMAT = dwarf;
				DEVELOPMENT_TEAM = "";
				ENABLE_STRICT_OBJC_MSGSEND = YES;
				ENABLE_TESTABILITY = YES;
				GCC_C_LANGUAGE_STANDARD = gnu11;
				GCC_DYNAMIC_NO_PIC = NO;
				GCC_NO_COMMON_BLOCKS = YES;
				GCC_OPTIMIZATION_LEVEL = 0;
				GCC_WARN_64_TO_32_BIT_CONVERSION = YES;
				GCC_WARN_ABOUT_RETURN_TYPE = YES_ERROR;
				GCC_WARN_UNDECLARED_SELECTOR = YES;
				GCC_WARN_UNINITIALIZED_AUTOS = YES_AGGRESSIVE;
				GCC_WARN_UNUSED_FUNCTION = YES;
				GCC_WARN_UNUSED_VARIABLE = YES;
				IPHONEOS_DEPLOYMENT_TARGET = 17.0;
				MARKETING_VERSION = 0.1.0;
				MTL_ENABLE_DEBUG_INFO = INCLUDE_SOURCE;
				MTL_FAST_MATH = YES;
				ONLY_ACTIVE_ARCH = YES;
				PRODUCT_NAME = "$(TARGET_NAME)";
				SDKROOT = iphoneos;
				SWIFT_ACTIVE_COMPILATION_CONDITIONS = DEBUG;
				SWIFT_OPTIMIZATION_LEVEL = "-Onone";
				SWIFT_VERSION = 5.9;
			};
			name = Debug;
		};
		917D6698AB977A73A9885894 /* Debug */ = {
			isa = XCBuildConfiguration;
			buildSettings = {
				ASSETCATALOG_COMPILER_APPICON_NAME = AppIcon;
				CODE_SIGN_ENTITLEMENTS = HealthSync.entitlements;
				CODE_SIGN_IDENTITY = "iPhone Developer";
				INFOPLIST_FILE = HealthSync/Resources/Info.plist;
				INFOPLIST_KEY_CFBundleDisplayName = HealthSync;
				INFOPLIST_KEY_LSApplicationCategoryType = "public.app-category.healthcare-fitness";
				LD_RUNPATH_SEARCH_PATHS = (
					"$(inherited)",
					"@executable_path/Frameworks",
				);
				PRODUCT_BUNDLE_IDENTIFIER = com.example.HealthSync;
				SDKROOT = iphoneos;
				TARGETED_DEVICE_FAMILY = 1;
			};
			name = Debug;
		};
		A7709086B32B06B17F4F550E /* Debug */ = {
			isa = XCBuildConfiguration;
			buildSettings = {
				BUNDLE_LOADER = "$(TEST_HOST)";
				GENERATE_INFOPLIST_FILE = YES;
				LD_RUNPATH_SEARCH_PATHS = (
					"$(inherited)",
					"@executable_path/Frameworks",
					"@loader_path/Frameworks",
				);
				PRODUCT_BUNDLE_IDENTIFIER = com.example.HealthSyncTests;
				SDKROOT = iphoneos;
				TARGETED_DEVICE_FAMILY = "1,2";
				TEST_HOST = "$(BUILT_PRODUCTS_DIR)/HealthSync.app/HealthSync";
			};
			name = Debug;
		};
		C11839D830848BE4CE40A20B /* Release */ = {
			isa = XCBuildConfiguration;
			baseConfigurationReference = F040879BF50CADE1FE9031E9 /* Release.xcconfig */;
			buildSettings = {
				ALWAYS_SEARCH_USER_PATHS = NO;
				CLANG_ANALYZER_NONNULL = YES;
				CLANG_ANALYZER_NUMBER_OBJECT_CONVERSION = YES_AGGRESSIVE;
				CLANG_CXX_LANGUAGE_STANDARD = "gnu++14";
				CLANG_CXX_LIBRARY = "libc++";
				CLANG_ENABLE_MODULES = YES;
				CLANG_ENABLE_OBJC_ARC = YES;
				CLANG_ENABLE_OBJC_WEAK = YES;
				CLANG_WARN_BLOCK_CAPTURE_AUTORELEASING = YES;
				CLANG_WARN_BOOL_CONVERSION = YES;
				CLANG_WARN_COMMA = YES;
				CLANG_WARN_CONSTANT_CONVERSION = YES;
				CLANG_WARN_DEPRECATED_OBJC_IMPLEMENTATIONS = YES;
				CLANG_WARN_DIRECT_OBJC_ISA_USAGE = YES_ERROR;
				CLANG_WARN_DOCUMENTATION_COMMENTS = YES;
				CLANG_WARN_EMPTY_BODY = YES;
				CLANG_WARN_ENUM_CONVERSION = YES;
				CLANG_WARN_INFINITE_RECURSION = YES;
				CLANG_WARN_INT_CONVERSION = YES;
				CLANG_WARN_NON_LITERAL_NULL_CONVERSION = YES;
				CLANG_WARN_OBJC_IMPLICIT_RETAIN_SELF = YES;
				CLANG_WARN_OBJC_LITERAL_CONVERSION = YES;
				CLANG_WARN_OBJC_ROOT_CLASS = YES_ERROR;
				CLANG_WARN_QUOTED_INCLUDE_IN_FRAMEWORK_HEADER = YES;
				CLANG_WARN_RANGE_LOOP_ANALYSIS = YES;
				CLANG_WARN_STRICT_PROTOTYPES = YES;
				CLANG_WARN_SUSPICIOUS_MOVE = YES;
				CLANG_WARN_UNGUARDED_AVAILABILITY = YES_AGGRESSIVE;
				CLANG_WARN_UNREACHABLE_CODE = YES;
				CLANG_WARN__DUPLICATE_METHOD_MATCH = YES;
				COPY_PHASE_STRIP = NO;
				CURRENT_PROJECT_VERSION = 1;
				DEBUG_INFORMATION_FORMAT = "dwarf-with-dsym";
				DEVELOPMENT_TEAM = "";
				ENABLE_NS_ASSERTIONS = NO;
				ENABLE_STRICT_OBJC_MSGSEND = YES;
				GCC_C_LANGUAGE_STANDARD = gnu11;
				GCC_NO_COMMON_BLOCKS = YES;
				GCC_WARN_64_TO_32_BIT_CONVERSION = YES;
				GCC_WARN_ABOUT_RETURN_TYPE = YES_ERROR;
				GCC_WARN_UNDECLARED_SELECTOR = YES;
				GCC_WARN_UNINITIALIZED_AUTOS = YES_AGGRESSIVE;
				GCC_WARN_UNUSED_FUNCTION = YES;
				GCC_WARN_UNUSED_VARIABLE = YES;
				IPHONEOS_DEPLOYMENT_TARGET = 17.0;
				MARKETING_VERSION = 0.1.0;
				MTL_ENABLE_DEBUG_INFO = NO;
				MTL_FAST_MATH = YES;
				PRODUCT_NAME = "$(TARGET_NAME)";
				SDKROOT = iphoneos;
				SWIFT_COMPILATION_MODE = wholemodule;
				SWIFT_OPTIMIZATION_LEVEL = "-O";
				SWIFT_VERSION = 5.9;
			};
			name = Release;
		};
/* End XCBuildConfiguration section */

/* Begin XCConfigurationList section */
		57BE2FE37BCFCC442737DB1B /* Build configuration list for PBXProject "HealthSync" */ = {
			isa = XCConfigurationList;
			buildConfigurations = (
				74A84F99F88A12F2F91CC76B /* Debug */,
				C11839D830848BE4CE40A20B /* Release */,
			);
			defaultConfigurationIsVisible = 0;
			defaultConfigurationName = Debug;
		};
		CD425CCA1BA42F6C69E6729D /* Build configuration list for PBXNativeTarget "HealthSync" */ = {
			isa = XCConfigurationList;
			buildConfigurations = (
				917D6698AB977A73A9885894 /* Debug */,
				5E7BEC9CDF6A3187C96D8D09 /* Release */,
			);
			defaultConfigurationIsVisible = 0;
			defaultConfigurationName = Debug;
		};
		F42DB56C5696F224FEA62834 /* Build configuration list for PBXNativeTarget "HealthSyncTests" */ = {
			isa = XCConfigurationList;
			buildConfigurations = (
				A7709086B32B06B17F4F550E /* Debug */,
				6756B9C7030618D0363F6278 /* Release */,
			);
			defaultConfigurationIsVisible = 0;
			defaultConfigurationName = Debug;
		};
/* End XCConfigurationList section */
	};
	rootObject = F4549D80C7EEB3189A9CF84C /* Project object */;
}
